github.com/gorilla/mux v1.8.0 h1:i40aqfkR1h2SlN9hojwV5ZA91wcXFOvkdNIeFDP5koI=
github.com/gorilla/mux v1.8.0/go.mod h1:DVbg23sWSpFRCP0SfiEN6jmj59UnW/n46BH5rLB71So=
github.com/jaytaylor/go-hostsfile v0.0.0-20220426042432-61485ac1fa6c h1:kbTQ8oGf+BVFvt/fM+ECI+NbZDCqoi0vtZTfB2p2hrI=
github.com/jaytaylor/go-hostsfile v0.0.0-20220426042432-61485ac1fa6c/go.mod h1:k6+89xKz7BSMJ+DzIerBdtpEUeTlBMugO/hcVSzahog=
